Microsoft Visual Studio Solution File, Format Version 12.00
# Visual Studio Version 17
VisualStudioVersion = 17.5.2.0
MinimumVisualStudioVersion = 10.0.40219.1
Project("{2150E333-8FDC-42A3-9474-1A3956D46DE8}") = "clients-api", "clients-api", "{5514282A-0EC8-9297-7376-2DD416B24023}"
EndProject
Project("{FAE04EC0-301F-11D3-BF4B-00C04F79EFBC}") = "ACG.EKS.Bookstore.Clients-API", "clients-api\src\ACG.EKS.Bookstore.Clients-API.csproj", "{8A8D7B37-0678-A9AE-5136-8486F15C776A}"
EndProject
Global
	GlobalSection(SolutionConfigurationPlatforms) = preSolution
		Debug|Any CPU = Debug|Any CPU
		Release|Any CPU = Release|Any CPU
	EndGlobalSection
	GlobalSection(ProjectConfigurationPlatforms) = postSolution
		{8A8D7B37-0678-A9AE-5136-8486F15C776A}.Debug|Any CPU.ActiveCfg = Debug|Any CPU
		{8A8D7B37-0678-A9AE-5136-8486F15C776A}.Debug|Any CPU.Build.0 = Debug|Any CPU
		{8A8D7B37-0678-A9AE-5136-8486F15C776A}.Release|Any CPU.ActiveCfg = Release|Any CPU
		{8A8D7B37-0678-A9AE-5136-8486F15C776A}.Release|Any CPU.Build.0 = Release|Any CPU
	EndGlobalSection
	GlobalSection(SolutionProperties) = preSolution
		HideSolutionNode = FALSE
	EndGlobalSection
	GlobalSection(NestedProjects) = preSolution
		{8A8D7B37-0678-A9AE-5136-8486F15C776A} = {5514282A-0EC8-9297-7376-2DD416B24023}
	EndGlobalSection
	GlobalSection(ExtensibilityGlobals) = postSolution
		SolutionGuid = {EBE61DA2-B731-4899-A4BB-74CEF21A7EB1}
	EndGlobalSection
EndGlobal
